// !$*UTF8*$!
{
	archiveVersion = 1;
	classes = {
	};
	objectVersion = 48;
	objects = {

/* Begin PBXBuildFile section */
		2420F666208DB0300088368E /* IntermediateCoreData.xcdatamodeld in Sources */ = {isa = PBXBuildFile; fileRef = 2420F664208DB0300088368E /* IntermediateCoreData.xcdatamodeld */; };
		2420F668208F07160088368E /* CoreDataManager.swift in Sources */ = {isa = PBXBuildFile; fileRef = 2420F667208F07160088368E /* CoreDataManager.swift */; };
		2486BE36208D41B400E74200 /* AppDelegate.swift in Sources */ = {isa = PBXBuildFile; fileRef = 2486BE35208D41B400E74200 /* AppDelegate.swift */; };
		2486BE38208D41B400E74200 /* CompaniesController.swift in Sources */ = {isa = PBXBuildFile; fileRef = 2486BE37208D41B400E74200 /* CompaniesController.swift */; };
		2486BE3B208D41B400E74200 /* Main.storyboard in Resources */ = {isa = PBXBuildFile; fileRef = 2486BE39208D41B400E74200 /* Main.storyboard */; };
		2486BE3D208D41B400E74200 /* Assets.xcassets in Resources */ = {isa = PBXBuildFile; fileRef = 2486BE3C208D41B400E74200 /* Assets.xcassets */; };
		2486BE40208D41B400E74200 /* LaunchScreen.storyboard in Resources */ = {isa = PBXBuildFile; fileRef = 2486BE3E208D41B400E74200 /* LaunchScreen.storyboard */; };
		249A3B9F208D74B500574AE2 /* UIColor+theme.swift in Sources */ = {isa = PBXBuildFile; fileRef = 249A3B9E208D74B500574AE2 /* UIColor+theme.swift */; };
		249A3BA1208D792700574AE2 /* Company.swift in Sources */ = {isa = PBXBuildFile; fileRef = 249A3BA0208D792700574AE2 /* Company.swift */; };
		249A3BA3208D7B6B00574AE2 /* CreateCompanyController.swift in Sources */ = {isa = PBXBuildFile; fileRef = 249A3BA2208D7B6B00574AE2 /* CreateCompanyController.swift */; };
		24D685A12091901900A6DB35 /* CompanyCell.swift in Sources */ = {isa = PBXBuildFile; fileRef = 24D685A02091901900A6DB35 /* CompanyCell.swift */; };
/* End PBXBuildFile section */

/* Begin PBXFileReference section */
		2420F665208DB0300088368E /* IntermediateCoreData.xcdatamodel */ = {isa = PBXFileReference; lastKnownFileType = wrapper.xcdatamodel; path = IntermediateCoreData.xcdatamodel; sourceTree = "<group>"; };
		2420F667208F07160088368E /* CoreDataManager.swift */ = {isa = PBXFileReference; lastKnownFileType = sourcecode.swift; path = CoreDataManager.swift; sourceTree = "<group>"; };
		2486BE32208D41B400E74200 /* Core Data Contacts.app */ = {isa = PBXFileReference; explicitFileType = wrapper.application; includeInIndex = 0; path = "Core Data Contacts.app"; sourceTree = BUILT_PRODUCTS_DIR; };
		2486BE35208D41B400E74200 /* AppDelegate.swift */ = {isa = PBXFileReference; lastKnownFileType = sourcecode.swift; path = AppDelegate.swift; sourceTree = "<group>"; };
		2486BE37208D41B400E74200 /* CompaniesController.swift */ = {isa = PBXFileReference; lastKnownFileType = sourcecode.swift; path = CompaniesController.swift; sourceTree = "<group>"; };
		2486BE3A208D41B400E74200 /* Base */ = {isa = PBXFileReference; lastKnownFileType = file.storyboard; name = Base; path = Base.lproj/Main.storyboard; sourceTree = "<group>"; };
		2486BE3C208D41B400E74200 /* Assets.xcassets */ = {isa = PBXFileReference; lastKnownFileType = folder.assetcatalog; path = Assets.xcassets; sourceTree = "<group>"; };
		2486BE3F208D41B400E74200 /* Base */ = {isa = PBXFileReference; lastKnownFileType = file.storyboard; name = Base; path = Base.lproj/LaunchScreen.storyboard; sourceTree = "<group>"; };
		2486BE41208D41B400E74200 /* Info.plist */ = {isa = PBXFileReference; lastKnownFileType = text.plist.xml; path = Info.plist; sourceTree = "<group>"; };
		249A3B9E208D74B500574AE2 /* UIColor+theme.swift */ = {isa = PBXFileReference; lastKnownFileType = sourcecode.swift; path = "UIColor+theme.swift"; sourceTree = "<group>"; };
		249A3BA0208D792700574AE2 /* Company.swift */ = {isa = PBXFileReference; lastKnownFileType = sourcecode.swift; path = Company.swift; sourceTree = "<group>"; };
		249A3BA2208D7B6B00574AE2 /* CreateCompanyController.swift */ = {isa = PBXFileReference; lastKnownFileType = sourcecode.swift; path = CreateCompanyController.swift; sourceTree = "<group>"; };
		24D685A02091901900A6DB35 /* CompanyCell.swift */ = {isa = PBXFileReference; lastKnownFileType = sourcecode.swift; path = CompanyCell.swift; sourceTree = "<group>"; };
/* End PBXFileReference section */

/* Begin PBXFrameworksBuildPhase section */
		2486BE2F208D41B400E74200 /* Frameworks */ = {
			isa = PBXFrameworksBuildPhase;
			buildActionMask = 2147483647;
			files = (
			);
			runOnlyForDeploymentPostprocessing = 0;
		};
/* End PBXFrameworksBuildPhase section */

/* Begin PBXGroup section */
		2486BE29208D41B400E74200 = {
			isa = PBXGroup;
			children = (
				2486BE34208D41B400E74200 /* Core Data Contacts */,
				2486BE33208D41B400E74200 /* Products */,
			);
			sourceTree = "<group>";
		};
		2486BE33208D41B400E74200 /* Products */ = {
			isa = PBXGroup;
			children = (
				2486BE32208D41B400E74200 /* Core Data Contacts.app */,
			);
			name = Products;
			sourceTree = "<group>";
		};
		2486BE34208D41B400E74200 /* Core Data Contacts */ = {
			isa = PBXGroup;
			children = (
				24D685A22091962C00A6DB35 /* Companies */,
				2486BE35208D41B400E74200 /* AppDelegate.swift */,
				249A3BA2208D7B6B00574AE2 /* CreateCompanyController.swift */,
				249A3B9E208D74B500574AE2 /* UIColor+theme.swift */,
				2486BE39208D41B400E74200 /* Main.storyboard */,
				2486BE3C208D41B400E74200 /* Assets.xcassets */,
				2486BE3E208D41B400E74200 /* LaunchScreen.storyboard */,
				2486BE41208D41B400E74200 /* Info.plist */,
				249A3BA0208D792700574AE2 /* Company.swift */,
				2420F664208DB0300088368E /* IntermediateCoreData.xcdatamodeld */,
				2420F667208F07160088368E /* CoreDataManager.swift */,
			);
			path = "Core Data Contacts";
			sourceTree = "<group>";
		};
		24D685A22091962C00A6DB35 /* Companies */ = {
			isa = PBXGroup;
			children = (
				24D685A02091901900A6DB35 /* CompanyCell.swift */,
				2486BE37208D41B400E74200 /* CompaniesController.swift */,
			);
			path = Companies;
			sourceTree = "<group>";
		};
/* End PBXGroup section */

/* Begin PBXNativeTarget section */
		2486BE31208D41B400E74200 /* Core Data Contacts */ = {
			isa = PBXNativeTarget;
			buildConfigurationList = 2486BE44208D41B400E74200 /* Build configuration list for PBXNativeTarget "Core Data Contacts" */;
			buildPhases = (
				2486BE2E208D41B400E74200 /* Sources */,
				2486BE2F208D41B400E74200 /* Frameworks */,
				2486BE30208D41B400E74200 /* Resources */,
			);
			buildRules = (
			);
			dependencies = (
			);
			name = "Core Data Contacts";
			productName = "Core Data Contacts";
			productReference = 2486BE32208D41B400E74200 /* Core Data Contacts.app */;
			productType = "com.apple.product-type.application";
		};
/* End PBXNativeTarget section */

/* Begin PBXProject section */
		2486BE2A208D41B400E74200 /* Project object */ = {
			isa = PBXProject;
			attributes = {
				LastSwiftUpdateCheck = 0920;
				LastUpgradeCheck = 0930;
				ORGANIZATIONNAME = lithogen;
				TargetAttributes = {
					2486BE31208D41B400E74200 = {
						CreatedOnToolsVersion = 9.2;
						ProvisioningStyle = Automatic;
					};
				};
			};
			buildConfigurationList = 2486BE2D208D41B400E74200 /* Build configuration list for PBXProject "Core Data Contacts" */;
			compatibilityVersion = "Xcode 8.0";
			developmentRegion = en;
			hasScannedForEncodings = 0;
			knownRegions = (
				en,
				Base,
			);
			mainGroup = 2486BE29208D41B400E74200;
			productRefGroup = 2486BE33208D41B400E74200 /* Products */;
			projectDirPath = "";
			projectRoot = "";
			targets = (
				2486BE31208D41B400E74200 /* Core Data Contacts */,
			);
		};
/* End PBXProject section */

/* Begin PBXResourcesBuildPhase section */
		2486BE30208D41B400E74200 /* Resources */ = {
			isa = PBXResourcesBuildPhase;
			buildActionMask = 2147483647;
			files = (
				2486BE40208D41B400E74200 /* LaunchScreen.storyboard in Resources */,
				2486BE3D208D41B400E74200 /* Assets.xcassets in Resources */,
				2486BE3B208D41B400E74200 /* Main.storyboard in Resources */,
			);
			runOnlyForDeploymentPostprocessing = 0;
		};
/* End PBXResourcesBuildPhase section */

/* Begin PBXSourcesBuildPhase section */
		2486BE2E208D41B400E74200 /* Sources */ = {
			isa = PBXSourcesBuildPhase;
			buildActionMask = 2147483647;
			files = (
				249A3B9F208D74B500574AE2 /* UIColor+theme.swift in Sources */,
				2486BE38208D41B400E74200 /* CompaniesController.swift in Sources */,
				249A3BA3208D7B6B00574AE2 /* CreateCompanyController.swift in Sources */,
				24D685A12091901900A6DB35 /* CompanyCell.swift in Sources */,
				2486BE36208D41B400E74200 /* AppDelegate.swift in Sources */,
				249A3BA1208D792700574AE2 /* Company.swift in Sources */,
				2420F668208F07160088368E /* CoreDataManager.swift in Sources */,
				2420F666208DB0300088368E /* IntermediateCoreData.xcdatamodeld in Sources */,
			);
			runOnlyForDeploymentPostprocessing = 0;
		};
/* End PBXSourcesBuildPhase section */

/* Begin PBXVariantGroup section */
		2486BE39208D41B400E74200 /* Main.storyboard */ = {
			isa = PBXVariantGroup;
			children = (
				2486BE3A208D41B400E74200 /* Base */,
			);
			name = Main.storyboard;
			sourceTree = "<group>";
		};
		2486BE3E208D41B400E74200 /* LaunchScreen.storyboard */ = {
			isa = PBXVariantGroup;
			children = (
				2486BE3F208D41B400E74200 /* Base */,
			);
			name = LaunchScreen.storyboard;
			sourceTree = "<group>";
		};
/* End PBXVariantGroup section */

/* Begin XCBuildConfiguration section */
		2486BE42208D41B400E74200 /* Debug */ = {
			isa = XCBuildConfiguration;
			buildSettings = {
				ALWAYS_SEARCH_USER_PATHS = NO;
				CLANG_ANALYZER_NONNULL = YES;
				CLANG_ANALYZER_NUMBER_OBJECT_CONVERSION = YES_AGGRESSIVE;
				CLANG_CXX_LANGUAGE_STANDARD = "gnu++14";
				CLANG_CXX_LIBRARY = "libc++";
				CLANG_ENABLE_MODULES = YES;
				CLANG_ENABLE_OBJC_ARC = YES;
				CLANG_WARN_BLOCK_CAPTURE_AUTORELEASING = YES;
				CLANG_WARN_BOOL_CONVERSION = YES;
				CLANG_WARN_COMMA = YES;
				CLANG_WARN_CONSTANT_CONVERSION = YES;
				CLANG_WARN_DEPRECATED_OBJC_IMPLEMENTATIONS = YES;
				CLANG_WARN_DIRECT_OBJC_ISA_USAGE = YES_ERROR;
				CLANG_WARN_DOCUMENTATION_COMMENTS = YES;
				CLANG_WARN_EMPTY_BODY = YES;
				CLANG_WARN_ENUM_CONVERSION = YES;
				CLANG_WARN_INFINITE_RECURSION = YES;
				CLANG_WARN_INT_CONVERSION = YES;
				CLANG_WARN_NON_LITERAL_NULL_CONVERSION = YES;
				CLANG_WARN_OBJC_IMPLICIT_RETAIN_SELF = YES;
				CLANG_WARN_OBJC_LITERAL_CONVERSION = YES;
				CLANG_WARN_OBJC_ROOT_CLASS = YES_ERROR;
				CLANG_WARN_RANGE_LOOP_ANALYSIS = YES;
				CLANG_WARN_STRICT_PROTOTYPES = YES;
				CLANG_WARN_SUSPICIOUS_MOVE = YES;
				CLANG_WARN_UNGUARDED_AVAILABILITY = YES_AGGRESSIVE;
				CLANG_WARN_UNREACHABLE_CODE = YES;
				CLANG_WARN__DUPLICATE_METHOD_MATCH = YES;
				CODE_SIGN_IDENTITY = "iPhone Developer";
				COPY_PHASE_STRIP = NO;
				DEBUG_INFORMATION_FORMAT = dwarf;
				ENABLE_STRICT_OBJC_MSGSEND = YES;
				ENABLE_TESTABILITY = YES;
				GCC_C_LANGUAGE_STANDARD = gnu11;
				GCC_DYNAMIC_NO_PIC = NO;
				GCC_NO_COMMON_BLOCKS = YES;
				GCC_OPTIMIZATION_LEVEL = 0;
				GCC_PREPROCESSOR_DEFINITIONS = (
					"DEBUG=1",
					"$(inherited)",
				);
				GCC_WARN_64_TO_32_BIT_CONVERSION = YES;
				GCC_WARN_ABOUT_RETURN_TYPE = YES_ERROR;
				GCC_WARN_UNDECLARED_SELECTOR = YES;
				GCC_WARN_UNINITIALIZED_AUTOS = YES_AGGRESSIVE;
				GCC_WARN_UNUSED_FUNCTION = YES;
				GCC_WARN_UNUSED_VARIABLE = YES;
				IPHONEOS_DEPLOYMENT_TARGET = 11.2;
				MTL_ENABLE_DEBUG_INFO = YES;
				ONLY_ACTIVE_ARCH = YES;
				SDKROOT = iphoneos;
				SWIFT_ACTIVE_COMPILATION_CONDITIONS = DEBUG;
				SWIFT_OPTIMIZATION_LEVEL = "-Onone";
			};
			name = Debug;
		};
		2486BE43208D41B400E74200 /* Release */ = {
			isa = XCBuildConfiguration;
			buildSettings = {
				ALWAYS_SEARCH_USER_PATHS = NO;
				CLANG_ANALYZER_NONNULL = YES;
				CLANG_ANALYZER_NUMBER_OBJECT_CONVERSION = YES_AGGRESSIVE;
				CLANG_CXX_LANGUAGE_STANDARD = "gnu++14";
				CLANG_CXX_LIBRARY = "libc++";
				CLANG_ENABLE_MODULES = YES;
				CLANG_ENABLE_OBJC_ARC = YES;
				CLANG_WARN_BLOCK_CAPTURE_AUTORELEASING = YES;
				CLANG_WARN_BOOL_CONVERSION = YES;
				CLANG_WARN_COMMA = YES;
				CLANG_WARN_CONSTANT_CONVERSION = YES;
				CLANG_WARN_DEPRECATED_OBJC_IMPLEMENTATIONS = YES;
				CLANG_WARN_DIRECT_OBJC_ISA_USAGE = YES_ERROR;
				CLANG_WARN_DOCUMENTATION_COMMENTS = YES;
				CLANG_WARN_EMPTY_BODY = YES;
				CLANG_WARN_ENUM_CONVERSION = YES;
				CLANG_WARN_INFINITE_RECURSION = YES;
				CLANG_WARN_INT_CONVERSION = YES;
				CLANG_WARN_NON_LITERAL_NULL_CONVERSION = YES;
				CLANG_WARN_OBJC_IMPLICIT_RETAIN_SELF = YES;
				CLANG_WARN_OBJC_LITERAL_CONVERSION = YES;
				CLANG_WARN_OBJC_ROOT_CLASS = YES_ERROR;
				CLANG_WARN_RANGE_LOOP_ANALYSIS = YES;
				CLANG_WARN_STRICT_PROTOTYPES = YES;
				CLANG_WARN_SUSPICIOUS_MOVE = YES;
				CLANG_WARN_UNGUARDED_AVAILABILITY = YES_AGGRESSIVE;
				CLANG_WARN_UNREACHABLE_CODE = YES;
				CLANG_WARN__DUPLICATE_METHOD_MATCH = YES;
				CODE_SIGN_IDENTITY = "iPhone Developer";
				COPY_PHASE_STRIP = NO;
				DEBUG_INFORMATION_FORMAT = "dwarf-with-dsym";
				ENABLE_NS_ASSERTIONS = NO;
				ENABLE_STRICT_OBJC_MSGSEND = YES;
				GCC_C_LANGUAGE_STANDARD = gnu11;
				GCC_NO_COMMON_BLOCKS = YES;
				GCC_WARN_64_TO_32_BIT_CONVERSION = YES;
				GCC_WARN_ABOUT_RETURN_TYPE = YES_ERROR;
				GCC_WARN_UNDECLARED_SELECTOR = YES;
				GCC_WARN_UNINITIALIZED_AUTOS = YES_AGGRESSIVE;
				GCC_WARN_UNUSED_FUNCTION = YES;
				GCC_WARN_UNUSED_VARIABLE = YES;
				IPHONEOS_DEPLOYMENT_TARGET = 11.2;
				MTL_ENABLE_DEBUG_INFO = NO;
				SDKROOT = iphoneos;
				SWIFT_OPTIMIZATION_LEVEL = "-Owholemodule";
				VALIDATE_PRODUCT = YES;
			};
			name = Release;
		};
		2486BE45208D41B400E74200 /* Debug */ = {
			isa = XCBuildConfiguration;
			buildSettings = {
				ASSETCATALOG_COMPILER_APPICON_NAME = AppIcon;
				CODE_SIGN_STYLE = Automatic;
				DEVELOPMENT_TEAM = C4588H2WW4;
				INFOPLIST_FILE = "Core Data Contacts/Info.plist";
				LD_RUNPATH_SEARCH_PATHS = "$(inherited) @executable_path/Frameworks";
				PRODUCT_BUNDLE_IDENTIFIER = "com.lithogen.Core-Data-Contacts";
				PRODUCT_NAME = "$(TARGET_NAME)";
				SWIFT_VERSION = 4.0;
				TARGETED_DEVICE_FAMILY = "1,2";
			};
			name = Debug;
		};
		2486BE46208D41B400E74200 /* Release */ = {
			isa = XCBuildConfiguration;
			buildSettings = {
				ASSETCATALOG_COMPILER_APPICON_NAME = AppIcon;
				CODE_SIGN_STYLE = Automatic;
				DEVELOPMENT_TEAM = C4588H2WW4;
				INFOPLIST_FILE = "Core Data Contacts/Info.plist";
				LD_RUNPATH_SEARCH_PATHS = "$(inherited) @executable_path/Frameworks";
				PRODUCT_BUNDLE_IDENTIFIER = "com.lithogen.Core-Data-Contacts";
				PRODUCT_NAME = "$(TARGET_NAME)";
				SWIFT_VERSION = 4.0;
				TARGETED_DEVICE_FAMILY = "1,2";
			};
			name = Release;
		};
/* End XCBuildConfiguration section */

/* Begin XCConfigurationList section */
		2486BE2D208D41B400E74200 /* Build configuration list for PBXProject "Core Data Contacts" */ = {
			isa = XCConfigurationList;
			buildConfigurations = (
				2486BE42208D41B400E74200 /* Debug */,
				2486BE43208D41B400E74200 /* Release */,
			);
			defaultConfigurationIsVisible = 0;
			defaultConfigurationName = Release;
		};
		2486BE44208D41B400E74200 /* Build configuration list for PBXNativeTarget "Core Data Contacts" */ = {
			isa = XCConfigurationList;
			buildConfigurations = (
				2486BE45208D41B400E74200 /* Debug */,
				2486BE46208D41B400E74200 /* Release */,
			);
			defaultConfigurationIsVisible = 0;
			defaultConfigurationName = Release;
		};
/* End XCConfigurationList section */

/* Begin XCVersionGroup section */
		2420F664208DB0300088368E /* IntermediateCoreData.xcdatamodeld */ = {
			isa = XCVersionGroup;
			children = (
				2420F665208DB0300088368E /* IntermediateCoreData.xcdatamodel */,
			);
			currentVersion = 2420F665208DB0300088368E /* IntermediateCoreData.xcdatamodel */;
			path = IntermediateCoreData.xcdatamodeld;
			sourceTree = "<group>";
			versionGroupType = wrapper.xcdatamodel;
		};
/* End XCVersionGroup section */
	};
	rootObject = 2486BE2A208D41B400E74200 /* Project object */;
}
